
Microsoft Visual Studio Solution File, Format Version 12.00
# Visual Studio Version 17
VisualStudioVersion = 17.7.34024.191
MinimumVisualStudioVersion = 10.0.40219.1
Project("{FAE04EC0-301F-11D3-BF4B-00C04F79EFBC}") = "aspnetcore-template-identity", "aspnetcore-template-identity.csproj", "{65921B00-6940-42A8-9744-B1D71FF0124D}"
EndProject
Global
	GlobalSection(SolutionConfigurationPlatforms) = preSolution
		Debug|Any CPU = Debug|Any CPU
		Release|Any CPU = Release|Any CPU
	EndGlobalSection
	GlobalSection(ProjectConfigurationPlatforms) = postSolution
		{65921B00-6940-42A8-9744-B1D71FF0124D}.Debug|Any CPU.ActiveCfg = Debug|Any CPU
		{65921B00-6940-42A8-9744-B1D71FF0124D}.Debug|Any CPU.Build.0 = Debug|Any CPU
		{65921B00-6940-42A8-9744-B1D71FF0124D}.Release|Any CPU.ActiveCfg = Release|Any CPU
		{65921B00-6940-42A8-9744-B1D71FF0124D}.Release|Any CPU.Build.0 = Release|Any CPU
	EndGlobalSection
	GlobalSection(SolutionProperties) = preSolution
		HideSolutionNode = FALSE
	EndGlobalSection
	GlobalSection(ExtensibilityGlobals) = postSolution
		SolutionGuid = {A8692F48-B70D-4FC9-9D00-EBAAA78B60C7}
	EndGlobalSection
EndGlobal
